
Microsoft Visual Studio Solution File, Format Version 12.00
# Visual Studio Version 17
VisualStudioVersion = 17.10.34928.147
MinimumVisualStudioVersion = 10.0.40219.1
Project("{8BC9CEB8-8B4A-11D0-8D11-00A0C91BC942}") = "vulkan-basic-triangle", "vulkan-basic-triangle\vulkan-basic-triangle.vcxproj", "{55CE4B9F-7C20-4389-8452-AFFC275ADFE2}"
EndProject
Project("{8BC9CEB8-8B4A-11D0-8D11-00A0C91BC942}") = "vulkan-basic-rectangle", "vulkan-basic-rectangle\vulkan-basic-rectangle.vcxproj", "{29CF218D-EE07-4509-9581-334492E84EC1}"
EndProject
Project("{8BC9CEB8-8B4A-11D0-8D11-00A0C91BC942}") = "vulkan-uniform-buffer", "vulkan-uniform-buffer\vulkan-uniform-buffer.vcxproj", "{D03CC0E1-2501-4260-AFF5-0735804CE8B6}"
EndProject
Project("{8BC9CEB8-8B4A-11D0-8D11-00A0C91BC942}") = "vulkan-compute-shader", "vulkan-compute-shader\vulkan-compute-shader.vcxproj", "{C7C03732-1C27-41AD-9C15-0E501552487E}"
EndProject
Global
	GlobalSection(SolutionConfigurationPlatforms) = preSolution
		Debug|x64 = Debug|x64
		Debug|x86 = Debug|x86
		Release|x64 = Release|x64
		Release|x86 = Release|x86
	EndGlobalSection
	GlobalSection(ProjectConfigurationPlatforms) = postSolution
		{55CE4B9F-7C20-4389-8452-AFFC275ADFE2}.Debug|x64.ActiveCfg = Debug|x64
		{55CE4B9F-7C20-4389-8452-AFFC275ADFE2}.Debug|x64.Build.0 = Debug|x64
		{55CE4B9F-7C20-4389-8452-AFFC275ADFE2}.Debug|x86.ActiveCfg = Debug|Win32
		{55CE4B9F-7C20-4389-8452-AFFC275ADFE2}.Debug|x86.Build.0 = Debug|Win32
		{55CE4B9F-7C20-4389-8452-AFFC275ADFE2}.Release|x64.ActiveCfg = Release|x64
		{55CE4B9F-7C20-4389-8452-AFFC275ADFE2}.Release|x64.Build.0 = Release|x64
		{55CE4B9F-7C20-4389-8452-AFFC275ADFE2}.Release|x86.ActiveCfg = Release|Win32
		{55CE4B9F-7C20-4389-8452-AFFC275ADFE2}.Release|x86.Build.0 = Release|Win32
		{29CF218D-EE07-4509-9581-334492E84EC1}.Debug|x64.ActiveCfg = Debug|x64
		{29CF218D-EE07-4509-9581-334492E84EC1}.Debug|x64.Build.0 = Debug|x64
		{29CF218D-EE07-4509-9581-334492E84EC1}.Debug|x86.ActiveCfg = Debug|Win32
		{29CF218D-EE07-4509-9581-334492E84EC1}.Debug|x86.Build.0 = Debug|Win32
		{29CF218D-EE07-4509-9581-334492E84EC1}.Release|x64.ActiveCfg = Release|x64
		{29CF218D-EE07-4509-9581-334492E84EC1}.Release|x64.Build.0 = Release|x64
		{29CF218D-EE07-4509-9581-334492E84EC1}.Release|x86.ActiveCfg = Release|Win32
		{29CF218D-EE07-4509-9581-334492E84EC1}.Release|x86.Build.0 = Release|Win32
		{D03CC0E1-2501-4260-AFF5-0735804CE8B6}.Debug|x64.ActiveCfg = Debug|x64
		{D03CC0E1-2501-4260-AFF5-0735804CE8B6}.Debug|x64.Build.0 = Debug|x64
		{D03CC0E1-2501-4260-AFF5-0735804CE8B6}.Debug|x86.ActiveCfg = Debug|Win32
		{D03CC0E1-2501-4260-AFF5-0735804CE8B6}.Debug|x86.Build.0 = Debug|Win32
		{D03CC0E1-2501-4260-AFF5-0735804CE8B6}.Release|x64.ActiveCfg = Release|x64
		{D03CC0E1-2501-4260-AFF5-0735804CE8B6}.Release|x64.Build.0 = Release|x64
		{D03CC0E1-2501-4260-AFF5-0735804CE8B6}.Release|x86.ActiveCfg = Release|Win32
		{D03CC0E1-2501-4260-AFF5-0735804CE8B6}.Release|x86.Build.0 = Release|Win32
		{C7C03732-1C27-41AD-9C15-0E501552487E}.Debug|x64.ActiveCfg = Debug|x64
		{C7C03732-1C27-41AD-9C15-0E501552487E}.Debug|x64.Build.0 = Debug|x64
		{C7C03732-1C27-41AD-9C15-0E501552487E}.Debug|x86.ActiveCfg = Debug|Win32
		{C7C03732-1C27-41AD-9C15-0E501552487E}.Debug|x86.Build.0 = Debug|Win32
		{C7C03732-1C27-41AD-9C15-0E501552487E}.Release|x64.ActiveCfg = Release|x64
		{C7C03732-1C27-41AD-9C15-0E501552487E}.Release|x64.Build.0 = Release|x64
		{C7C03732-1C27-41AD-9C15-0E501552487E}.Release|x86.ActiveCfg = Release|Win32
		{C7C03732-1C27-41AD-9C15-0E501552487E}.Release|x86.Build.0 = Release|Win32
	EndGlobalSection
	GlobalSection(SolutionProperties) = preSolution
		HideSolutionNode = FALSE
	EndGlobalSection
	GlobalSection(ExtensibilityGlobals) = postSolution
		SolutionGuid = {94DD5207-EE40-4260-B9EB-85F9302B0DDC}
	EndGlobalSection
EndGlobal
