// !$*UTF8*$!
{
	archiveVersion = 1;
	classes = {
	};
	objectVersion = 77;
	objects = {

/* Begin PBXBuildFile section */
		D5BBAE4D2D9D76D80071BE0F /* CocoaPlatform.m in Sources */ = {isa = PBXBuildFile; fileRef = D5BBAE4C2D9D76D80071BE0F /* CocoaPlatform.m */; };
		D5BBAE4F2D9D79150071BE0F /* platform.h in Headers */ = {isa = PBXBuildFile; fileRef = D5BBAE4E2D9D79150071BE0F /* platform.h */; };
		D5BBAE642D9D7B9B0071BE0F /* CocoaPlatform.h in Headers */ = {isa = PBXBuildFile; fileRef = D5BBAE3E2D9D76600071BE0F /* CocoaPlatform.h */; };
		D5BBAE652D9D7BAC0071BE0F /* CocoaPlatform.h in Sources */ = {isa = PBXBuildFile; fileRef = D5BBAE3E2D9D76600071BE0F /* CocoaPlatform.h */; };
		D5BBAE662D9D7BB20071BE0F /* CocoaPlatform.m in Sources */ = {isa = PBXBuildFile; fileRef = D5BBAE4C2D9D76D80071BE0F /* CocoaPlatform.m */; };
		D5BBAE672D9D7BE60071BE0F /* platform.h in Sources */ = {isa = PBXBuildFile; fileRef = D5BBAE4E2D9D79150071BE0F /* platform.h */; };
/* End PBXBuildFile section */

/* Begin PBXCopyFilesBuildPhase section */
		D5BBAE522D9D79670071BE0F /* CopyFiles */ = {
			isa = PBXCopyFilesBuildPhase;
			buildActionMask = 2147483647;
			dstPath = /usr/share/man/man1/;
			dstSubfolderSpec = 0;
			files = (
			);
			runOnlyForDeploymentPostprocessing = 1;
		};
/* End PBXCopyFilesBuildPhase section */

/* Begin PBXFileReference section */
		D5BBAE3E2D9D76600071BE0F /* CocoaPlatform.h */ = {isa = PBXFileReference; lastKnownFileType = sourcecode.c.h; path = CocoaPlatform.h; sourceTree = "<group>"; };
		D5BBAE432D9D76900071BE0F /* libCocoaPlatform.a */ = {isa = PBXFileReference; explicitFileType = archive.ar; includeInIndex = 0; path = libCocoaPlatform.a; sourceTree = BUILT_PRODUCTS_DIR; };
		D5BBAE4C2D9D76D80071BE0F /* CocoaPlatform.m */ = {isa = PBXFileReference; lastKnownFileType = sourcecode.c.objc; path = CocoaPlatform.m; sourceTree = "<group>"; };
		D5BBAE4E2D9D79150071BE0F /* platform.h */ = {isa = PBXFileReference; lastKnownFileType = sourcecode.c.h; name = platform.h; path = ../platform.h; sourceTree = SOURCE_ROOT; };
		D5BBAE542D9D79670071BE0F /* TestCocoaPlatform */ = {isa = PBXFileReference; explicitFileType = "compiled.mach-o.executable"; includeInIndex = 0; path = TestCocoaPlatform; sourceTree = BUILT_PRODUCTS_DIR; };
/* End PBXFileReference section */

/* Begin PBXFileSystemSynchronizedRootGroup section */
		D5BBAE552D9D79670071BE0F /* TestCocoaPlatform */ = {
			isa = PBXFileSystemSynchronizedRootGroup;
			path = TestCocoaPlatform;
			sourceTree = "<group>";
		};
/* End PBXFileSystemSynchronizedRootGroup section */

/* Begin PBXFrameworksBuildPhase section */
		D5BBAE412D9D76900071BE0F /* Frameworks */ = {
			isa = PBXFrameworksBuildPhase;
			buildActionMask = 2147483647;
			files = (
			);
			runOnlyForDeploymentPostprocessing = 0;
		};
		D5BBAE512D9D79670071BE0F /* Frameworks */ = {
			isa = PBXFrameworksBuildPhase;
			buildActionMask = 2147483647;
			files = (
			);
			runOnlyForDeploymentPostprocessing = 0;
		};
/* End PBXFrameworksBuildPhase section */

/* Begin PBXGroup section */
		D5BBAE292D9D760C0071BE0F = {
			isa = PBXGroup;
			children = (
				D5BBAE4E2D9D79150071BE0F /* platform.h */,
				D5BBAE4C2D9D76D80071BE0F /* CocoaPlatform.m */,
				D5BBAE3E2D9D76600071BE0F /* CocoaPlatform.h */,
				D5BBAE552D9D79670071BE0F /* TestCocoaPlatform */,
				D5BBAE332D9D760C0071BE0F /* Products */,
			);
			sourceTree = "<group>";
		};
		D5BBAE332D9D760C0071BE0F /* Products */ = {
			isa = PBXGroup;
			children = (
				D5BBAE432D9D76900071BE0F /* libCocoaPlatform.a */,
				D5BBAE542D9D79670071BE0F /* TestCocoaPlatform */,
			);
			name = Products;
			sourceTree = "<group>";
		};
/* End PBXGroup section */

/* Begin PBXHeadersBuildPhase section */
		D5BBAE3F2D9D76900071BE0F /* Headers */ = {
			isa = PBXHeadersBuildPhase;
			buildActionMask = 2147483647;
			files = (
				D5BBAE642D9D7B9B0071BE0F /* CocoaPlatform.h in Headers */,
				D5BBAE4F2D9D79150071BE0F /* platform.h in Headers */,
			);
			runOnlyForDeploymentPostprocessing = 0;
		};
/* End PBXHeadersBuildPhase section */

/* Begin PBXNativeTarget section */
		D5BBAE422D9D76900071BE0F /* CocoaPlatform */ = {
			isa = PBXNativeTarget;
			buildConfigurationList = D5BBAE492D9D76900071BE0F /* Build configuration list for PBXNativeTarget "CocoaPlatform" */;
			buildPhases = (
				D5BBAE3F2D9D76900071BE0F /* Headers */,
				D5BBAE402D9D76900071BE0F /* Sources */,
				D5BBAE412D9D76900071BE0F /* Frameworks */,
			);
			buildRules = (
			);
			dependencies = (
			);
			name = CocoaPlatform;
			packageProductDependencies = (
			);
			productName = CocoaPlatform;
			productReference = D5BBAE432D9D76900071BE0F /* libCocoaPlatform.a */;
			productType = "com.apple.product-type.library.static";
		};
		D5BBAE532D9D79670071BE0F /* TestCocoaPlatform */ = {
			isa = PBXNativeTarget;
			buildConfigurationList = D5BBAE582D9D79670071BE0F /* Build configuration list for PBXNativeTarget "TestCocoaPlatform" */;
			buildPhases = (
				D5BBAE502D9D79670071BE0F /* Sources */,
				D5BBAE512D9D79670071BE0F /* Frameworks */,
				D5BBAE522D9D79670071BE0F /* CopyFiles */,
			);
			buildRules = (
			);
			dependencies = (
			);
			fileSystemSynchronizedGroups = (
				D5BBAE552D9D79670071BE0F /* TestCocoaPlatform */,
			);
			name = TestCocoaPlatform;
			packageProductDependencies = (
			);
			productName = TestCocoaPlatform;
			productReference = D5BBAE542D9D79670071BE0F /* TestCocoaPlatform */;
			productType = "com.apple.product-type.tool";
		};
/* End PBXNativeTarget section */

/* Begin PBXProject section */
		D5BBAE2A2D9D760C0071BE0F /* Project object */ = {
			isa = PBXProject;
			attributes = {
				BuildIndependentTargetsInParallel = 1;
				LastUpgradeCheck = 1620;
				TargetAttributes = {
					D5BBAE422D9D76900071BE0F = {
						CreatedOnToolsVersion = 16.2;
					};
					D5BBAE532D9D79670071BE0F = {
						CreatedOnToolsVersion = 16.2;
					};
				};
			};
			buildConfigurationList = D5BBAE2D2D9D760C0071BE0F /* Build configuration list for PBXProject "MacOSPlatform" */;
			developmentRegion = en;
			hasScannedForEncodings = 0;
			knownRegions = (
				en,
				Base,
			);
			mainGroup = D5BBAE292D9D760C0071BE0F;
			minimizedProjectReferenceProxies = 1;
			preferredProjectObjectVersion = 77;
			productRefGroup = D5BBAE332D9D760C0071BE0F /* Products */;
			projectDirPath = "";
			projectRoot = "";
			targets = (
				D5BBAE422D9D76900071BE0F /* CocoaPlatform */,
				D5BBAE532D9D79670071BE0F /* TestCocoaPlatform */,
			);
		};
/* End PBXProject section */

/* Begin PBXSourcesBuildPhase section */
		D5BBAE402D9D76900071BE0F /* Sources */ = {
			isa = PBXSourcesBuildPhase;
			buildActionMask = 2147483647;
			files = (
				D5BBAE4D2D9D76D80071BE0F /* CocoaPlatform.m in Sources */,
			);
			runOnlyForDeploymentPostprocessing = 0;
		};
		D5BBAE502D9D79670071BE0F /* Sources */ = {
			isa = PBXSourcesBuildPhase;
			buildActionMask = 2147483647;
			files = (
				D5BBAE672D9D7BE60071BE0F /* platform.h in Sources */,
				D5BBAE652D9D7BAC0071BE0F /* CocoaPlatform.h in Sources */,
				D5BBAE662D9D7BB20071BE0F /* CocoaPlatform.m in Sources */,
			);
			runOnlyForDeploymentPostprocessing = 0;
		};
/* End PBXSourcesBuildPhase section */

/* Begin XCBuildConfiguration section */
		D5BBAE392D9D760C0071BE0F /* Debug */ = {
			isa = XCBuildConfiguration;
			buildSettings = {
				ALWAYS_SEARCH_USER_PATHS = NO;
				ASSETCATALOG_COMPILER_GENERATE_SWIFT_ASSET_SYMBOL_EXTENSIONS = YES;
				CLANG_ANALYZER_NONNULL = YES;
				CLANG_ANALYZER_NUMBER_OBJECT_CONVERSION = YES_AGGRESSIVE;
				CLANG_CXX_LANGUAGE_STANDARD = "gnu++20";
				CLANG_ENABLE_MODULES = YES;
				CLANG_ENABLE_OBJC_ARC = YES;
				CLANG_ENABLE_OBJC_WEAK = YES;
				CLANG_WARN_BLOCK_CAPTURE_AUTORELEASING = YES;
				CLANG_WARN_BOOL_CONVERSION = YES;
				CLANG_WARN_COMMA = YES;
				CLANG_WARN_CONSTANT_CONVERSION = YES;
				CLANG_WARN_DEPRECATED_OBJC_IMPLEMENTATIONS = YES;
				CLANG_WARN_DIRECT_OBJC_ISA_USAGE = YES_ERROR;
				CLANG_WARN_DOCUMENTATION_COMMENTS = YES;
				CLANG_WARN_EMPTY_BODY = YES;
				CLANG_WARN_ENUM_CONVERSION = YES;
				CLANG_WARN_INFINITE_RECURSION = YES;
				CLANG_WARN_INT_CONVERSION = YES;
				CLANG_WARN_NON_LITERAL_NULL_CONVERSION = YES;
				CLANG_WARN_OBJC_IMPLICIT_RETAIN_SELF = YES;
				CLANG_WARN_OBJC_LITERAL_CONVERSION = YES;
				CLANG_WARN_OBJC_ROOT_CLASS = YES_ERROR;
				CLANG_WARN_QUOTED_INCLUDE_IN_FRAMEWORK_HEADER = YES;
				CLANG_WARN_RANGE_LOOP_ANALYSIS = YES;
				CLANG_WARN_STRICT_PROTOTYPES = YES;
				CLANG_WARN_SUSPICIOUS_MOVE = YES;
				CLANG_WARN_UNGUARDED_AVAILABILITY = YES_AGGRESSIVE;
				CLANG_WARN_UNREACHABLE_CODE = YES;
				CLANG_WARN__DUPLICATE_METHOD_MATCH = YES;
				COPY_PHASE_STRIP = NO;
				DEBUG_INFORMATION_FORMAT = dwarf;
				ENABLE_STRICT_OBJC_MSGSEND = YES;
				ENABLE_TESTABILITY = YES;
				ENABLE_USER_SCRIPT_SANDBOXING = YES;
				GCC_C_LANGUAGE_STANDARD = gnu17;
				GCC_DYNAMIC_NO_PIC = NO;
				GCC_NO_COMMON_BLOCKS = YES;
				GCC_OPTIMIZATION_LEVEL = 0;
				GCC_PREPROCESSOR_DEFINITIONS = (
					"DEBUG=1",
					"$(inherited)",
				);
				GCC_WARN_64_TO_32_BIT_CONVERSION = YES;
				GCC_WARN_ABOUT_RETURN_TYPE = YES_ERROR;
				GCC_WARN_UNDECLARED_SELECTOR = YES;
				GCC_WARN_UNINITIALIZED_AUTOS = YES_AGGRESSIVE;
				GCC_WARN_UNUSED_FUNCTION = YES;
				GCC_WARN_UNUSED_VARIABLE = YES;
				LOCALIZATION_PREFERS_STRING_CATALOGS = YES;
				MACOSX_DEPLOYMENT_TARGET = 15.2;
				MTL_ENABLE_DEBUG_INFO = INCLUDE_SOURCE;
				MTL_FAST_MATH = YES;
				ONLY_ACTIVE_ARCH = YES;
				SDKROOT = macosx;
			};
			name = Debug;
		};
		D5BBAE3A2D9D760C0071BE0F /* Release */ = {
			isa = XCBuildConfiguration;
			buildSettings = {
				ALWAYS_SEARCH_USER_PATHS = NO;
				ASSETCATALOG_COMPILER_GENERATE_SWIFT_ASSET_SYMBOL_EXTENSIONS = YES;
				CLANG_ANALYZER_NONNULL = YES;
				CLANG_ANALYZER_NUMBER_OBJECT_CONVERSION = YES_AGGRESSIVE;
				CLANG_CXX_LANGUAGE_STANDARD = "gnu++20";
				CLANG_ENABLE_MODULES = YES;
				CLANG_ENABLE_OBJC_ARC = YES;
				CLANG_ENABLE_OBJC_WEAK = YES;
				CLANG_WARN_BLOCK_CAPTURE_AUTORELEASING = YES;
				CLANG_WARN_BOOL_CONVERSION = YES;
				CLANG_WARN_COMMA = YES;
				CLANG_WARN_CONSTANT_CONVERSION = YES;
				CLANG_WARN_DEPRECATED_OBJC_IMPLEMENTATIONS = YES;
				CLANG_WARN_DIRECT_OBJC_ISA_USAGE = YES_ERROR;
				CLANG_WARN_DOCUMENTATION_COMMENTS = YES;
				CLANG_WARN_EMPTY_BODY = YES;
				CLANG_WARN_ENUM_CONVERSION = YES;
				CLANG_WARN_INFINITE_RECURSION = YES;
				CLANG_WARN_INT_CONVERSION = YES;
				CLANG_WARN_NON_LITERAL_NULL_CONVERSION = YES;
				CLANG_WARN_OBJC_IMPLICIT_RETAIN_SELF = YES;
				CLANG_WARN_OBJC_LITERAL_CONVERSION = YES;
				CLANG_WARN_OBJC_ROOT_CLASS = YES_ERROR;
				CLANG_WARN_QUOTED_INCLUDE_IN_FRAMEWORK_HEADER = YES;
				CLANG_WARN_RANGE_LOOP_ANALYSIS = YES;
				CLANG_WARN_STRICT_PROTOTYPES = YES;
				CLANG_WARN_SUSPICIOUS_MOVE = YES;
				CLANG_WARN_UNGUARDED_AVAILABILITY = YES_AGGRESSIVE;
				CLANG_WARN_UNREACHABLE_CODE = YES;
				CLANG_WARN__DUPLICATE_METHOD_MATCH = YES;
				COPY_PHASE_STRIP = NO;
				DEBUG_INFORMATION_FORMAT = "dwarf-with-dsym";
				ENABLE_NS_ASSERTIONS = NO;
				ENABLE_STRICT_OBJC_MSGSEND = YES;
				ENABLE_USER_SCRIPT_SANDBOXING = YES;
				GCC_C_LANGUAGE_STANDARD = gnu17;
				GCC_NO_COMMON_BLOCKS = YES;
				GCC_WARN_64_TO_32_BIT_CONVERSION = YES;
				GCC_WARN_ABOUT_RETURN_TYPE = YES_ERROR;
				GCC_WARN_UNDECLARED_SELECTOR = YES;
				GCC_WARN_UNINITIALIZED_AUTOS = YES_AGGRESSIVE;
				GCC_WARN_UNUSED_FUNCTION = YES;
				GCC_WARN_UNUSED_VARIABLE = YES;
				LOCALIZATION_PREFERS_STRING_CATALOGS = YES;
				MACOSX_DEPLOYMENT_TARGET = 15.2;
				MTL_ENABLE_DEBUG_INFO = NO;
				MTL_FAST_MATH = YES;
				SDKROOT = macosx;
			};
			name = Release;
		};
		D5BBAE4A2D9D76900071BE0F /* Debug */ = {
			isa = XCBuildConfiguration;
			buildSettings = {
				CODE_SIGN_STYLE = Automatic;
				EXECUTABLE_PREFIX = lib;
				PRODUCT_NAME = "$(TARGET_NAME)";
				SKIP_INSTALL = YES;
			};
			name = Debug;
		};
		D5BBAE4B2D9D76900071BE0F /* Release */ = {
			isa = XCBuildConfiguration;
			buildSettings = {
				CODE_SIGN_STYLE = Automatic;
				EXECUTABLE_PREFIX = lib;
				PRODUCT_NAME = "$(TARGET_NAME)";
				SKIP_INSTALL = YES;
			};
			name = Release;
		};
		D5BBAE592D9D79670071BE0F /* Debug */ = {
			isa = XCBuildConfiguration;
			buildSettings = {
				CODE_SIGN_STYLE = Automatic;
				PRODUCT_NAME = "$(TARGET_NAME)";
			};
			name = Debug;
		};
		D5BBAE5A2D9D79670071BE0F /* Release */ = {
			isa = XCBuildConfiguration;
			buildSettings = {
				CODE_SIGN_STYLE = Automatic;
				PRODUCT_NAME = "$(TARGET_NAME)";
			};
			name = Release;
		};
/* End XCBuildConfiguration section */

/* Begin XCConfigurationList section */
		D5BBAE2D2D9D760C0071BE0F /* Build configuration list for PBXProject "MacOSPlatform" */ = {
			isa = XCConfigurationList;
			buildConfigurations = (
				D5BBAE392D9D760C0071BE0F /* Debug */,
				D5BBAE3A2D9D760C0071BE0F /* Release */,
			);
			defaultConfigurationIsVisible = 0;
			defaultConfigurationName = Release;
		};
		D5BBAE492D9D76900071BE0F /* Build configuration list for PBXNativeTarget "CocoaPlatform" */ = {
			isa = XCConfigurationList;
			buildConfigurations = (
				D5BBAE4A2D9D76900071BE0F /* Debug */,
				D5BBAE4B2D9D76900071BE0F /* Release */,
			);
			defaultConfigurationIsVisible = 0;
			defaultConfigurationName = Release;
		};
		D5BBAE582D9D79670071BE0F /* Build configuration list for PBXNativeTarget "TestCocoaPlatform" */ = {
			isa = XCConfigurationList;
			buildConfigurations = (
				D5BBAE592D9D79670071BE0F /* Debug */,
				D5BBAE5A2D9D79670071BE0F /* Release */,
			);
			defaultConfigurationIsVisible = 0;
			defaultConfigurationName = Release;
		};
/* End XCConfigurationList section */
	};
	rootObject = D5BBAE2A2D9D760C0071BE0F /* Project object */;
}
